
Microsoft Visual Studio Solution File, Format Version 12.00
# Visual Studio Version 17
VisualStudioVersion = 17.0.31903.59
MinimumVisualStudioVersion = 10.0.40219.1
Project("{2150E333-8FDC-42A3-9474-1A3956D46DE8}") = "AiTuber.Core", "AiTuber.Core", "{F98C32BA-9106-7B4A-6D19-FDE217C1FD38}"
EndProject
Project("{FAE04EC0-301F-11D3-BF4B-00C04F79EFBC}") = "Medoz.AiTuber.Core", "AiTuber.Core\Medoz.AiTuber.Core.csproj", "{C52CDE92-5CDB-412F-9E5C-033F2FCDD321}"
EndProject
Project("{2150E333-8FDC-42A3-9474-1A3956D46DE8}") = "AiTuber.Core.Tests", "AiTuber.Core.Tests", "{60CDCD25-9F23-5CCA-56A6-DA09C3F513AE}"
EndProject
Project("{FAE04EC0-301F-11D3-BF4B-00C04F79EFBC}") = "Medoz.AiTuber.Core.Tests", "AiTuber.Core.Tests\Medoz.AiTuber.Core.Tests.csproj", "{72B5B45D-BD6F-4686-9841-CE87A78EDFB7}"
EndProject
Project("{FAE04EC0-301F-11D3-BF4B-00C04F79EFBC}") = "Chat", "Chat\Chat.csproj", "{731B05A2-31AF-41B9-82AB-6A2A18057673}"
EndProject
Project("{FAE04EC0-301F-11D3-BF4B-00C04F79EFBC}") = "Live", "Live\Live.csproj", "{BAB574D6-4F01-42F0-AF43-AFD01D4A6611}"
EndProject
Project("{2150E333-8FDC-42A3-9474-1A3956D46DE8}") = "Live.Tests", "Live.Tests", "{31AF2077-52E4-DB50-6827-515F2C0C2EAC}"
EndProject
Project("{FAE04EC0-301F-11D3-BF4B-00C04F79EFBC}") = "Medoz.Live.Tests", "Live.Tests\Medoz.Live.Tests.csproj", "{E142BA60-1FDE-452B-816A-181C2E261B84}"
EndProject
Project("{2150E333-8FDC-42A3-9474-1A3956D46DE8}") = "MultiLLMClient", "MultiLLMClient", "{E99F2101-EFE4-A8C1-D215-74A3FFE06B31}"
EndProject
Project("{FAE04EC0-301F-11D3-BF4B-00C04F79EFBC}") = "Medoz.MultiLLMClient", "MultiLLMClient\Medoz.MultiLLMClient.csproj", "{BD777BB3-E9D4-4523-AAA4-3C670A030589}"
EndProject
Project("{2150E333-8FDC-42A3-9474-1A3956D46DE8}") = "MultiLLMClient.Tests", "MultiLLMClient.Tests", "{1712D3F5-A76B-68EE-8794-AAE2B1197707}"
EndProject
Project("{FAE04EC0-301F-11D3-BF4B-00C04F79EFBC}") = "Medoz.MultiLLMClient.Tests", "MultiLLMClient.Tests\Medoz.MultiLLMClient.Tests.csproj", "{E17B6E27-3FA1-4370-8F2B-C70D79C848AD}"
EndProject
Project("{FAE04EC0-301F-11D3-BF4B-00C04F79EFBC}") = "PostX", "PostX\PostX.csproj", "{77361482-DA20-4049-B6F7-BF476FCFAAB2}"
EndProject
Project("{2150E333-8FDC-42A3-9474-1A3956D46DE8}") = "Voicevox", "Voicevox", "{210D805A-B628-54E3-A919-17C2D6992F67}"
EndProject
Project("{FAE04EC0-301F-11D3-BF4B-00C04F79EFBC}") = "Medoz.Voicevox", "Voicevox\Medoz.Voicevox.csproj", "{30DE4550-6D70-4875-BFD3-73BD52FEE712}"
EndProject
Project("{2150E333-8FDC-42A3-9474-1A3956D46DE8}") = "Voicevox.Tests", "Voicevox.Tests", "{DF06078D-9F7E-1713-AF3B-A6AB6AF02291}"
EndProject
Project("{FAE04EC0-301F-11D3-BF4B-00C04F79EFBC}") = "Medoz.Voicevox.Tests", "Voicevox.Tests\Medoz.Voicevox.Tests.csproj", "{0CBA8CB9-8D03-45C3-BF0F-A21618391B2D}"
EndProject
Project("{2150E333-8FDC-42A3-9474-1A3956D46DE8}") = "X", "X", "{AC1F9C49-2FCC-6C79-CD75-1CAEC5B633F2}"
EndProject
Project("{FAE04EC0-301F-11D3-BF4B-00C04F79EFBC}") = "Medoz.X", "X\Medoz.X.csproj", "{D3F301F0-354B-4109-8D44-DBDD4A5BCB88}"
EndProject
Project("{2150E333-8FDC-42A3-9474-1A3956D46DE8}") = "Setup", "Setup", "{8234297F-5141-16AD-017A-2883AE030302}"
EndProject
Project("{FAE04EC0-301F-11D3-BF4B-00C04F79EFBC}") = "Medoz.Setup", "Setup\Medoz.Setup.csproj", "{D47A75E6-E3AB-4A61-9810-E1AD8E481FAC}"
EndProject
Project("{FAE04EC0-301F-11D3-BF4B-00C04F79EFBC}") = "TwitterBot", "TwitterBot\TwitterBot.csproj", "{651F3D2F-B62E-486A-8CE8-03A9B0046D4E}"
EndProject
Project("{2150E333-8FDC-42A3-9474-1A3956D46DE8}") = "TwitterBot.Tests", "TwitterBot.Tests", "{B25F51D0-D851-FECF-C677-3BF7BC7DAFEE}"
EndProject
Project("{FAE04EC0-301F-11D3-BF4B-00C04F79EFBC}") = "Medoz.TwitterBot.Tests", "TwitterBot.Tests\Medoz.TwitterBot.Tests.csproj", "{CD572457-D95D-4DD3-B540-93F7AFC58836}"
EndProject
Project("{FAE04EC0-301F-11D3-BF4B-00C04F79EFBC}") = "GameCommentary", "GameCommentary\GameCommentary.csproj", "{CDDE9424-EACB-46D7-8AD2-35661428FB7D}"
EndProject
Project("{2150E333-8FDC-42A3-9474-1A3956D46DE8}") = "GameCommentary.Tests", "GameCommentary.Tests", "{3A380BBC-02F2-D2E8-CBF3-A8F781E00585}"
EndProject
Project("{FAE04EC0-301F-11D3-BF4B-00C04F79EFBC}") = "Medoz.GameCommentary.Tests", "GameCommentary.Tests\Medoz.GameCommentary.Tests.csproj", "{316EEEEA-0715-4DC6-844D-FD0FC9D6C87F}"
EndProject
Project("{FAE04EC0-301F-11D3-BF4B-00C04F79EFBC}") = "BlogBot", "BlogBot\BlogBot.csproj", "{8F97DBB9-3FDB-41AB-BD16-CF85A06F7A08}"
EndProject
Project("{2150E333-8FDC-42A3-9474-1A3956D46DE8}") = "BlogBot.Tests", "BlogBot.Tests", "{2C762209-09FE-D692-267D-0F3184DA141E}"
EndProject
Project("{FAE04EC0-301F-11D3-BF4B-00C04F79EFBC}") = "Medoz.BlogBot.Tests", "BlogBot.Tests\Medoz.BlogBot.Tests.csproj", "{830810B0-3920-4C7B-894C-6D236F2D7E93}"
EndProject
Global
	GlobalSection(SolutionConfigurationPlatforms) = preSolution
		Debug|Any CPU = Debug|Any CPU
		Debug|x64 = Debug|x64
		Debug|x86 = Debug|x86
		Release|Any CPU = Release|Any CPU
		Release|x64 = Release|x64
		Release|x86 = Release|x86
	EndGlobalSection
	GlobalSection(ProjectConfigurationPlatforms) = postSolution
		{C52CDE92-5CDB-412F-9E5C-033F2FCDD321}.Debug|Any CPU.ActiveCfg = Debug|Any CPU
		{C52CDE92-5CDB-412F-9E5C-033F2FCDD321}.Debug|Any CPU.Build.0 = Debug|Any CPU
		{C52CDE92-5CDB-412F-9E5C-033F2FCDD321}.Debug|x64.ActiveCfg = Debug|Any CPU
		{C52CDE92-5CDB-412F-9E5C-033F2FCDD321}.Debug|x64.Build.0 = Debug|Any CPU
		{C52CDE92-5CDB-412F-9E5C-033F2FCDD321}.Debug|x86.ActiveCfg = Debug|Any CPU
		{C52CDE92-5CDB-412F-9E5C-033F2FCDD321}.Debug|x86.Build.0 = Debug|Any CPU
		{C52CDE92-5CDB-412F-9E5C-033F2FCDD321}.Release|Any CPU.ActiveCfg = Release|Any CPU
		{C52CDE92-5CDB-412F-9E5C-033F2FCDD321}.Release|Any CPU.Build.0 = Release|Any CPU
		{C52CDE92-5CDB-412F-9E5C-033F2FCDD321}.Release|x64.ActiveCfg = Release|Any CPU
		{C52CDE92-5CDB-412F-9E5C-033F2FCDD321}.Release|x64.Build.0 = Release|Any CPU
		{C52CDE92-5CDB-412F-9E5C-033F2FCDD321}.Release|x86.ActiveCfg = Release|Any CPU
		{C52CDE92-5CDB-412F-9E5C-033F2FCDD321}.Release|x86.Build.0 = Release|Any CPU
		{72B5B45D-BD6F-4686-9841-CE87A78EDFB7}.Debug|Any CPU.ActiveCfg = Debug|Any CPU
		{72B5B45D-BD6F-4686-9841-CE87A78EDFB7}.Debug|Any CPU.Build.0 = Debug|Any CPU
		{72B5B45D-BD6F-4686-9841-CE87A78EDFB7}.Debug|x64.ActiveCfg = Debug|Any CPU
		{72B5B45D-BD6F-4686-9841-CE87A78EDFB7}.Debug|x64.Build.0 = Debug|Any CPU
		{72B5B45D-BD6F-4686-9841-CE87A78EDFB7}.Debug|x86.ActiveCfg = Debug|Any CPU
		{72B5B45D-BD6F-4686-9841-CE87A78EDFB7}.Debug|x86.Build.0 = Debug|Any CPU
		{72B5B45D-BD6F-4686-9841-CE87A78EDFB7}.Release|Any CPU.ActiveCfg = Release|Any CPU
		{72B5B45D-BD6F-4686-9841-CE87A78EDFB7}.Release|Any CPU.Build.0 = Release|Any CPU
		{72B5B45D-BD6F-4686-9841-CE87A78EDFB7}.Release|x64.ActiveCfg = Release|Any CPU
		{72B5B45D-BD6F-4686-9841-CE87A78EDFB7}.Release|x64.Build.0 = Release|Any CPU
		{72B5B45D-BD6F-4686-9841-CE87A78EDFB7}.Release|x86.ActiveCfg = Release|Any CPU
		{72B5B45D-BD6F-4686-9841-CE87A78EDFB7}.Release|x86.Build.0 = Release|Any CPU
		{731B05A2-31AF-41B9-82AB-6A2A18057673}.Debug|Any CPU.ActiveCfg = Debug|Any CPU
		{731B05A2-31AF-41B9-82AB-6A2A18057673}.Debug|Any CPU.Build.0 = Debug|Any CPU
		{731B05A2-31AF-41B9-82AB-6A2A18057673}.Debug|x64.ActiveCfg = Debug|Any CPU
		{731B05A2-31AF-41B9-82AB-6A2A18057673}.Debug|x64.Build.0 = Debug|Any CPU
		{731B05A2-31AF-41B9-82AB-6A2A18057673}.Debug|x86.ActiveCfg = Debug|Any CPU
		{731B05A2-31AF-41B9-82AB-6A2A18057673}.Debug|x86.Build.0 = Debug|Any CPU
		{731B05A2-31AF-41B9-82AB-6A2A18057673}.Release|Any CPU.ActiveCfg = Release|Any CPU
		{731B05A2-31AF-41B9-82AB-6A2A18057673}.Release|Any CPU.Build.0 = Release|Any CPU
		{731B05A2-31AF-41B9-82AB-6A2A18057673}.Release|x64.ActiveCfg = Release|Any CPU
		{731B05A2-31AF-41B9-82AB-6A2A18057673}.Release|x64.Build.0 = Release|Any CPU
		{731B05A2-31AF-41B9-82AB-6A2A18057673}.Release|x86.ActiveCfg = Release|Any CPU
		{731B05A2-31AF-41B9-82AB-6A2A18057673}.Release|x86.Build.0 = Release|Any CPU
		{BAB574D6-4F01-42F0-AF43-AFD01D4A6611}.Debug|Any CPU.ActiveCfg = Debug|Any CPU
		{BAB574D6-4F01-42F0-AF43-AFD01D4A6611}.Debug|Any CPU.Build.0 = Debug|Any CPU
		{BAB574D6-4F01-42F0-AF43-AFD01D4A6611}.Debug|x64.ActiveCfg = Debug|Any CPU
		{BAB574D6-4F01-42F0-AF43-AFD01D4A6611}.Debug|x64.Build.0 = Debug|Any CPU
		{BAB574D6-4F01-42F0-AF43-AFD01D4A6611}.Debug|x86.ActiveCfg = Debug|Any CPU
		{BAB574D6-4F01-42F0-AF43-AFD01D4A6611}.Debug|x86.Build.0 = Debug|Any CPU
		{BAB574D6-4F01-42F0-AF43-AFD01D4A6611}.Release|Any CPU.ActiveCfg = Release|Any CPU
		{BAB574D6-4F01-42F0-AF43-AFD01D4A6611}.Release|Any CPU.Build.0 = Release|Any CPU
		{BAB574D6-4F01-42F0-AF43-AFD01D4A6611}.Release|x64.ActiveCfg = Release|Any CPU
		{BAB574D6-4F01-42F0-AF43-AFD01D4A6611}.Release|x64.Build.0 = Release|Any CPU
		{BAB574D6-4F01-42F0-AF43-AFD01D4A6611}.Release|x86.ActiveCfg = Release|Any CPU
		{BAB574D6-4F01-42F0-AF43-AFD01D4A6611}.Release|x86.Build.0 = Release|Any CPU
		{E142BA60-1FDE-452B-816A-181C2E261B84}.Debug|Any CPU.ActiveCfg = Debug|Any CPU
		{E142BA60-1FDE-452B-816A-181C2E261B84}.Debug|Any CPU.Build.0 = Debug|Any CPU
		{E142BA60-1FDE-452B-816A-181C2E261B84}.Debug|x64.ActiveCfg = Debug|Any CPU
		{E142BA60-1FDE-452B-816A-181C2E261B84}.Debug|x64.Build.0 = Debug|Any CPU
		{E142BA60-1FDE-452B-816A-181C2E261B84}.Debug|x86.ActiveCfg = Debug|Any CPU
		{E142BA60-1FDE-452B-816A-181C2E261B84}.Debug|x86.Build.0 = Debug|Any CPU
		{E142BA60-1FDE-452B-816A-181C2E261B84}.Release|Any CPU.ActiveCfg = Release|Any CPU
		{E142BA60-1FDE-452B-816A-181C2E261B84}.Release|Any CPU.Build.0 = Release|Any CPU
		{E142BA60-1FDE-452B-816A-181C2E261B84}.Release|x64.ActiveCfg = Release|Any CPU
		{E142BA60-1FDE-452B-816A-181C2E261B84}.Release|x64.Build.0 = Release|Any CPU
		{E142BA60-1FDE-452B-816A-181C2E261B84}.Release|x86.ActiveCfg = Release|Any CPU
		{E142BA60-1FDE-452B-816A-181C2E261B84}.Release|x86.Build.0 = Release|Any CPU
		{BD777BB3-E9D4-4523-AAA4-3C670A030589}.Debug|Any CPU.ActiveCfg = Debug|Any CPU
		{BD777BB3-E9D4-4523-AAA4-3C670A030589}.Debug|Any CPU.Build.0 = Debug|Any CPU
		{BD777BB3-E9D4-4523-AAA4-3C670A030589}.Debug|x64.ActiveCfg = Debug|Any CPU
		{BD777BB3-E9D4-4523-AAA4-3C670A030589}.Debug|x64.Build.0 = Debug|Any CPU
		{BD777BB3-E9D4-4523-AAA4-3C670A030589}.Debug|x86.ActiveCfg = Debug|Any CPU
		{BD777BB3-E9D4-4523-AAA4-3C670A030589}.Debug|x86.Build.0 = Debug|Any CPU
		{BD777BB3-E9D4-4523-AAA4-3C670A030589}.Release|Any CPU.ActiveCfg = Release|Any CPU
		{BD777BB3-E9D4-4523-AAA4-3C670A030589}.Release|Any CPU.Build.0 = Release|Any CPU
		{BD777BB3-E9D4-4523-AAA4-3C670A030589}.Release|x64.ActiveCfg = Release|Any CPU
		{BD777BB3-E9D4-4523-AAA4-3C670A030589}.Release|x64.Build.0 = Release|Any CPU
		{BD777BB3-E9D4-4523-AAA4-3C670A030589}.Release|x86.ActiveCfg = Release|Any CPU
		{BD777BB3-E9D4-4523-AAA4-3C670A030589}.Release|x86.Build.0 = Release|Any CPU
		{E17B6E27-3FA1-4370-8F2B-C70D79C848AD}.Debug|Any CPU.ActiveCfg = Debug|Any CPU
		{E17B6E27-3FA1-4370-8F2B-C70D79C848AD}.Debug|Any CPU.Build.0 = Debug|Any CPU
		{E17B6E27-3FA1-4370-8F2B-C70D79C848AD}.Debug|x64.ActiveCfg = Debug|Any CPU
		{E17B6E27-3FA1-4370-8F2B-C70D79C848AD}.Debug|x64.Build.0 = Debug|Any CPU
		{E17B6E27-3FA1-4370-8F2B-C70D79C848AD}.Debug|x86.ActiveCfg = Debug|Any CPU
		{E17B6E27-3FA1-4370-8F2B-C70D79C848AD}.Debug|x86.Build.0 = Debug|Any CPU
		{E17B6E27-3FA1-4370-8F2B-C70D79C848AD}.Release|Any CPU.ActiveCfg = Release|Any CPU
		{E17B6E27-3FA1-4370-8F2B-C70D79C848AD}.Release|Any CPU.Build.0 = Release|Any CPU
		{E17B6E27-3FA1-4370-8F2B-C70D79C848AD}.Release|x64.ActiveCfg = Release|Any CPU
		{E17B6E27-3FA1-4370-8F2B-C70D79C848AD}.Release|x64.Build.0 = Release|Any CPU
		{E17B6E27-3FA1-4370-8F2B-C70D79C848AD}.Release|x86.ActiveCfg = Release|Any CPU
		{E17B6E27-3FA1-4370-8F2B-C70D79C848AD}.Release|x86.Build.0 = Release|Any CPU
		{77361482-DA20-4049-B6F7-BF476FCFAAB2}.Debug|Any CPU.ActiveCfg = Debug|Any CPU
		{77361482-DA20-4049-B6F7-BF476FCFAAB2}.Debug|Any CPU.Build.0 = Debug|Any CPU
		{77361482-DA20-4049-B6F7-BF476FCFAAB2}.Debug|x64.ActiveCfg = Debug|Any CPU
		{77361482-DA20-4049-B6F7-BF476FCFAAB2}.Debug|x64.Build.0 = Debug|Any CPU
		{77361482-DA20-4049-B6F7-BF476FCFAAB2}.Debug|x86.ActiveCfg = Debug|Any CPU
		{77361482-DA20-4049-B6F7-BF476FCFAAB2}.Debug|x86.Build.0 = Debug|Any CPU
		{77361482-DA20-4049-B6F7-BF476FCFAAB2}.Release|Any CPU.ActiveCfg = Release|Any CPU
		{77361482-DA20-4049-B6F7-BF476FCFAAB2}.Release|Any CPU.Build.0 = Release|Any CPU
		{77361482-DA20-4049-B6F7-BF476FCFAAB2}.Release|x64.ActiveCfg = Release|Any CPU
		{77361482-DA20-4049-B6F7-BF476FCFAAB2}.Release|x64.Build.0 = Release|Any CPU
		{77361482-DA20-4049-B6F7-BF476FCFAAB2}.Release|x86.ActiveCfg = Release|Any CPU
		{77361482-DA20-4049-B6F7-BF476FCFAAB2}.Release|x86.Build.0 = Release|Any CPU
		{30DE4550-6D70-4875-BFD3-73BD52FEE712}.Debug|Any CPU.ActiveCfg = Debug|Any CPU
		{30DE4550-6D70-4875-BFD3-73BD52FEE712}.Debug|Any CPU.Build.0 = Debug|Any CPU
		{30DE4550-6D70-4875-BFD3-73BD52FEE712}.Debug|x64.ActiveCfg = Debug|Any CPU
		{30DE4550-6D70-4875-BFD3-73BD52FEE712}.Debug|x64.Build.0 = Debug|Any CPU
		{30DE4550-6D70-4875-BFD3-73BD52FEE712}.Debug|x86.ActiveCfg = Debug|Any CPU
		{30DE4550-6D70-4875-BFD3-73BD52FEE712}.Debug|x86.Build.0 = Debug|Any CPU
		{30DE4550-6D70-4875-BFD3-73BD52FEE712}.Release|Any CPU.ActiveCfg = Release|Any CPU
		{30DE4550-6D70-4875-BFD3-73BD52FEE712}.Release|Any CPU.Build.0 = Release|Any CPU
		{30DE4550-6D70-4875-BFD3-73BD52FEE712}.Release|x64.ActiveCfg = Release|Any CPU
		{30DE4550-6D70-4875-BFD3-73BD52FEE712}.Release|x64.Build.0 = Release|Any CPU
		{30DE4550-6D70-4875-BFD3-73BD52FEE712}.Release|x86.ActiveCfg = Release|Any CPU
		{30DE4550-6D70-4875-BFD3-73BD52FEE712}.Release|x86.Build.0 = Release|Any CPU
		{0CBA8CB9-8D03-45C3-BF0F-A21618391B2D}.Debug|Any CPU.ActiveCfg = Debug|Any CPU
		{0CBA8CB9-8D03-45C3-BF0F-A21618391B2D}.Debug|Any CPU.Build.0 = Debug|Any CPU
		{0CBA8CB9-8D03-45C3-BF0F-A21618391B2D}.Debug|x64.ActiveCfg = Debug|Any CPU
		{0CBA8CB9-8D03-45C3-BF0F-A21618391B2D}.Debug|x64.Build.0 = Debug|Any CPU
		{0CBA8CB9-8D03-45C3-BF0F-A21618391B2D}.Debug|x86.ActiveCfg = Debug|Any CPU
		{0CBA8CB9-8D03-45C3-BF0F-A21618391B2D}.Debug|x86.Build.0 = Debug|Any CPU
		{0CBA8CB9-8D03-45C3-BF0F-A21618391B2D}.Release|Any CPU.ActiveCfg = Release|Any CPU
		{0CBA8CB9-8D03-45C3-BF0F-A21618391B2D}.Release|Any CPU.Build.0 = Release|Any CPU
		{0CBA8CB9-8D03-45C3-BF0F-A21618391B2D}.Release|x64.ActiveCfg = Release|Any CPU
		{0CBA8CB9-8D03-45C3-BF0F-A21618391B2D}.Release|x64.Build.0 = Release|Any CPU
		{0CBA8CB9-8D03-45C3-BF0F-A21618391B2D}.Release|x86.ActiveCfg = Release|Any CPU
		{0CBA8CB9-8D03-45C3-BF0F-A21618391B2D}.Release|x86.Build.0 = Release|Any CPU
		{D3F301F0-354B-4109-8D44-DBDD4A5BCB88}.Debug|Any CPU.ActiveCfg = Debug|Any CPU
		{D3F301F0-354B-4109-8D44-DBDD4A5BCB88}.Debug|Any CPU.Build.0 = Debug|Any CPU
		{D3F301F0-354B-4109-8D44-DBDD4A5BCB88}.Debug|x64.ActiveCfg = Debug|Any CPU
		{D3F301F0-354B-4109-8D44-DBDD4A5BCB88}.Debug|x64.Build.0 = Debug|Any CPU
		{D3F301F0-354B-4109-8D44-DBDD4A5BCB88}.Debug|x86.ActiveCfg = Debug|Any CPU
		{D3F301F0-354B-4109-8D44-DBDD4A5BCB88}.Debug|x86.Build.0 = Debug|Any CPU
		{D3F301F0-354B-4109-8D44-DBDD4A5BCB88}.Release|Any CPU.ActiveCfg = Release|Any CPU
		{D3F301F0-354B-4109-8D44-DBDD4A5BCB88}.Release|Any CPU.Build.0 = Release|Any CPU
		{D3F301F0-354B-4109-8D44-DBDD4A5BCB88}.Release|x64.ActiveCfg = Release|Any CPU
		{D3F301F0-354B-4109-8D44-DBDD4A5BCB88}.Release|x64.Build.0 = Release|Any CPU
		{D3F301F0-354B-4109-8D44-DBDD4A5BCB88}.Release|x86.ActiveCfg = Release|Any CPU
		{D3F301F0-354B-4109-8D44-DBDD4A5BCB88}.Release|x86.Build.0 = Release|Any CPU
		{D47A75E6-E3AB-4A61-9810-E1AD8E481FAC}.Debug|Any CPU.ActiveCfg = Debug|Any CPU
		{D47A75E6-E3AB-4A61-9810-E1AD8E481FAC}.Debug|Any CPU.Build.0 = Debug|Any CPU
		{D47A75E6-E3AB-4A61-9810-E1AD8E481FAC}.Debug|x64.ActiveCfg = Debug|Any CPU
		{D47A75E6-E3AB-4A61-9810-E1AD8E481FAC}.Debug|x64.Build.0 = Debug|Any CPU
		{D47A75E6-E3AB-4A61-9810-E1AD8E481FAC}.Debug|x86.ActiveCfg = Debug|Any CPU
		{D47A75E6-E3AB-4A61-9810-E1AD8E481FAC}.Debug|x86.Build.0 = Debug|Any CPU
		{D47A75E6-E3AB-4A61-9810-E1AD8E481FAC}.Release|Any CPU.ActiveCfg = Release|Any CPU
		{D47A75E6-E3AB-4A61-9810-E1AD8E481FAC}.Release|Any CPU.Build.0 = Release|Any CPU
		{D47A75E6-E3AB-4A61-9810-E1AD8E481FAC}.Release|x64.ActiveCfg = Release|Any CPU
		{D47A75E6-E3AB-4A61-9810-E1AD8E481FAC}.Release|x64.Build.0 = Release|Any CPU
		{D47A75E6-E3AB-4A61-9810-E1AD8E481FAC}.Release|x86.ActiveCfg = Release|Any CPU
		{D47A75E6-E3AB-4A61-9810-E1AD8E481FAC}.Release|x86.Build.0 = Release|Any CPU
		{651F3D2F-B62E-486A-8CE8-03A9B0046D4E}.Debug|Any CPU.ActiveCfg = Debug|Any CPU
		{651F3D2F-B62E-486A-8CE8-03A9B0046D4E}.Debug|Any CPU.Build.0 = Debug|Any CPU
		{651F3D2F-B62E-486A-8CE8-03A9B0046D4E}.Debug|x64.ActiveCfg = Debug|Any CPU
		{651F3D2F-B62E-486A-8CE8-03A9B0046D4E}.Debug|x64.Build.0 = Debug|Any CPU
		{651F3D2F-B62E-486A-8CE8-03A9B0046D4E}.Debug|x86.ActiveCfg = Debug|Any CPU
		{651F3D2F-B62E-486A-8CE8-03A9B0046D4E}.Debug|x86.Build.0 = Debug|Any CPU
		{651F3D2F-B62E-486A-8CE8-03A9B0046D4E}.Release|Any CPU.ActiveCfg = Release|Any CPU
		{651F3D2F-B62E-486A-8CE8-03A9B0046D4E}.Release|Any CPU.Build.0 = Release|Any CPU
		{651F3D2F-B62E-486A-8CE8-03A9B0046D4E}.Release|x64.ActiveCfg = Release|Any CPU
		{651F3D2F-B62E-486A-8CE8-03A9B0046D4E}.Release|x64.Build.0 = Release|Any CPU
		{651F3D2F-B62E-486A-8CE8-03A9B0046D4E}.Release|x86.ActiveCfg = Release|Any CPU
		{651F3D2F-B62E-486A-8CE8-03A9B0046D4E}.Release|x86.Build.0 = Release|Any CPU
		{CD572457-D95D-4DD3-B540-93F7AFC58836}.Debug|Any CPU.ActiveCfg = Debug|Any CPU
		{CD572457-D95D-4DD3-B540-93F7AFC58836}.Debug|Any CPU.Build.0 = Debug|Any CPU
		{CD572457-D95D-4DD3-B540-93F7AFC58836}.Debug|x64.ActiveCfg = Debug|Any CPU
		{CD572457-D95D-4DD3-B540-93F7AFC58836}.Debug|x64.Build.0 = Debug|Any CPU
		{CD572457-D95D-4DD3-B540-93F7AFC58836}.Debug|x86.ActiveCfg = Debug|Any CPU
		{CD572457-D95D-4DD3-B540-93F7AFC58836}.Debug|x86.Build.0 = Debug|Any CPU
		{CD572457-D95D-4DD3-B540-93F7AFC58836}.Release|Any CPU.ActiveCfg = Release|Any CPU
		{CD572457-D95D-4DD3-B540-93F7AFC58836}.Release|Any CPU.Build.0 = Release|Any CPU
		{CD572457-D95D-4DD3-B540-93F7AFC58836}.Release|x64.ActiveCfg = Release|Any CPU
		{CD572457-D95D-4DD3-B540-93F7AFC58836}.Release|x64.Build.0 = Release|Any CPU
		{CD572457-D95D-4DD3-B540-93F7AFC58836}.Release|x86.ActiveCfg = Release|Any CPU
		{CD572457-D95D-4DD3-B540-93F7AFC58836}.Release|x86.Build.0 = Release|Any CPU
		{CDDE9424-EACB-46D7-8AD2-35661428FB7D}.Debug|Any CPU.ActiveCfg = Debug|Any CPU
		{CDDE9424-EACB-46D7-8AD2-35661428FB7D}.Debug|Any CPU.Build.0 = Debug|Any CPU
		{CDDE9424-EACB-46D7-8AD2-35661428FB7D}.Debug|x64.ActiveCfg = Debug|Any CPU
		{CDDE9424-EACB-46D7-8AD2-35661428FB7D}.Debug|x64.Build.0 = Debug|Any CPU
		{CDDE9424-EACB-46D7-8AD2-35661428FB7D}.Debug|x86.ActiveCfg = Debug|Any CPU
		{CDDE9424-EACB-46D7-8AD2-35661428FB7D}.Debug|x86.Build.0 = Debug|Any CPU
		{CDDE9424-EACB-46D7-8AD2-35661428FB7D}.Release|Any CPU.ActiveCfg = Release|Any CPU
		{CDDE9424-EACB-46D7-8AD2-35661428FB7D}.Release|Any CPU.Build.0 = Release|Any CPU
		{CDDE9424-EACB-46D7-8AD2-35661428FB7D}.Release|x64.ActiveCfg = Release|Any CPU
		{CDDE9424-EACB-46D7-8AD2-35661428FB7D}.Release|x64.Build.0 = Release|Any CPU
		{CDDE9424-EACB-46D7-8AD2-35661428FB7D}.Release|x86.ActiveCfg = Release|Any CPU
		{CDDE9424-EACB-46D7-8AD2-35661428FB7D}.Release|x86.Build.0 = Release|Any CPU
		{316EEEEA-0715-4DC6-844D-FD0FC9D6C87F}.Debug|Any CPU.ActiveCfg = Debug|Any CPU
		{316EEEEA-0715-4DC6-844D-FD0FC9D6C87F}.Debug|Any CPU.Build.0 = Debug|Any CPU
		{316EEEEA-0715-4DC6-844D-FD0FC9D6C87F}.Debug|x64.ActiveCfg = Debug|Any CPU
		{316EEEEA-0715-4DC6-844D-FD0FC9D6C87F}.Debug|x64.Build.0 = Debug|Any CPU
		{316EEEEA-0715-4DC6-844D-FD0FC9D6C87F}.Debug|x86.ActiveCfg = Debug|Any CPU
		{316EEEEA-0715-4DC6-844D-FD0FC9D6C87F}.Debug|x86.Build.0 = Debug|Any CPU
		{316EEEEA-0715-4DC6-844D-FD0FC9D6C87F}.Release|Any CPU.ActiveCfg = Release|Any CPU
		{316EEEEA-0715-4DC6-844D-FD0FC9D6C87F}.Release|Any CPU.Build.0 = Release|Any CPU
		{316EEEEA-0715-4DC6-844D-FD0FC9D6C87F}.Release|x64.ActiveCfg = Release|Any CPU
		{316EEEEA-0715-4DC6-844D-FD0FC9D6C87F}.Release|x64.Build.0 = Release|Any CPU
		{316EEEEA-0715-4DC6-844D-FD0FC9D6C87F}.Release|x86.ActiveCfg = Release|Any CPU
		{316EEEEA-0715-4DC6-844D-FD0FC9D6C87F}.Release|x86.Build.0 = Release|Any CPU
		{8F97DBB9-3FDB-41AB-BD16-CF85A06F7A08}.Debug|Any CPU.ActiveCfg = Debug|Any CPU
		{8F97DBB9-3FDB-41AB-BD16-CF85A06F7A08}.Debug|Any CPU.Build.0 = Debug|Any CPU
		{8F97DBB9-3FDB-41AB-BD16-CF85A06F7A08}.Debug|x64.ActiveCfg = Debug|Any CPU
		{8F97DBB9-3FDB-41AB-BD16-CF85A06F7A08}.Debug|x64.Build.0 = Debug|Any CPU
		{8F97DBB9-3FDB-41AB-BD16-CF85A06F7A08}.Debug|x86.ActiveCfg = Debug|Any CPU
		{8F97DBB9-3FDB-41AB-BD16-CF85A06F7A08}.Debug|x86.Build.0 = Debug|Any CPU
		{8F97DBB9-3FDB-41AB-BD16-CF85A06F7A08}.Release|Any CPU.ActiveCfg = Release|Any CPU
		{8F97DBB9-3FDB-41AB-BD16-CF85A06F7A08}.Release|Any CPU.Build.0 = Release|Any CPU
		{8F97DBB9-3FDB-41AB-BD16-CF85A06F7A08}.Release|x64.ActiveCfg = Release|Any CPU
		{8F97DBB9-3FDB-41AB-BD16-CF85A06F7A08}.Release|x64.Build.0 = Release|Any CPU
		{8F97DBB9-3FDB-41AB-BD16-CF85A06F7A08}.Release|x86.ActiveCfg = Release|Any CPU
		{8F97DBB9-3FDB-41AB-BD16-CF85A06F7A08}.Release|x86.Build.0 = Release|Any CPU
		{830810B0-3920-4C7B-894C-6D236F2D7E93}.Debug|Any CPU.ActiveCfg = Debug|Any CPU
		{830810B0-3920-4C7B-894C-6D236F2D7E93}.Debug|Any CPU.Build.0 = Debug|Any CPU
		{830810B0-3920-4C7B-894C-6D236F2D7E93}.Debug|x64.ActiveCfg = Debug|Any CPU
		{830810B0-3920-4C7B-894C-6D236F2D7E93}.Debug|x64.Build.0 = Debug|Any CPU
		{830810B0-3920-4C7B-894C-6D236F2D7E93}.Debug|x86.ActiveCfg = Debug|Any CPU
		{830810B0-3920-4C7B-894C-6D236F2D7E93}.Debug|x86.Build.0 = Debug|Any CPU
		{830810B0-3920-4C7B-894C-6D236F2D7E93}.Release|Any CPU.ActiveCfg = Release|Any CPU
		{830810B0-3920-4C7B-894C-6D236F2D7E93}.Release|Any CPU.Build.0 = Release|Any CPU
		{830810B0-3920-4C7B-894C-6D236F2D7E93}.Release|x64.ActiveCfg = Release|Any CPU
		{830810B0-3920-4C7B-894C-6D236F2D7E93}.Release|x64.Build.0 = Release|Any CPU
		{830810B0-3920-4C7B-894C-6D236F2D7E93}.Release|x86.ActiveCfg = Release|Any CPU
		{830810B0-3920-4C7B-894C-6D236F2D7E93}.Release|x86.Build.0 = Release|Any CPU
	EndGlobalSection
	GlobalSection(SolutionProperties) = preSolution
		HideSolutionNode = FALSE
	EndGlobalSection
	GlobalSection(NestedProjects) = preSolution
		{C52CDE92-5CDB-412F-9E5C-033F2FCDD321} = {F98C32BA-9106-7B4A-6D19-FDE217C1FD38}
		{72B5B45D-BD6F-4686-9841-CE87A78EDFB7} = {60CDCD25-9F23-5CCA-56A6-DA09C3F513AE}
		{E142BA60-1FDE-452B-816A-181C2E261B84} = {31AF2077-52E4-DB50-6827-515F2C0C2EAC}
		{BD777BB3-E9D4-4523-AAA4-3C670A030589} = {E99F2101-EFE4-A8C1-D215-74A3FFE06B31}
		{E17B6E27-3FA1-4370-8F2B-C70D79C848AD} = {1712D3F5-A76B-68EE-8794-AAE2B1197707}
		{30DE4550-6D70-4875-BFD3-73BD52FEE712} = {210D805A-B628-54E3-A919-17C2D6992F67}
		{0CBA8CB9-8D03-45C3-BF0F-A21618391B2D} = {DF06078D-9F7E-1713-AF3B-A6AB6AF02291}
		{D3F301F0-354B-4109-8D44-DBDD4A5BCB88} = {AC1F9C49-2FCC-6C79-CD75-1CAEC5B633F2}
		{D47A75E6-E3AB-4A61-9810-E1AD8E481FAC} = {8234297F-5141-16AD-017A-2883AE030302}
		{CD572457-D95D-4DD3-B540-93F7AFC58836} = {B25F51D0-D851-FECF-C677-3BF7BC7DAFEE}
		{316EEEEA-0715-4DC6-844D-FD0FC9D6C87F} = {3A380BBC-02F2-D2E8-CBF3-A8F781E00585}
		{830810B0-3920-4C7B-894C-6D236F2D7E93} = {2C762209-09FE-D692-267D-0F3184DA141E}
	EndGlobalSection
EndGlobal
